github.com/openwall/yescrypt-go v1.0.0 h1:jsGk48zkFvtUjGVOhYPGh+CS595JmTRcKnpggK2AON4=
github.com/openwall/yescrypt-go v1.0.0/go.mod h1:e6CWtFizUEOUttaOjeVMiv1lJaJie3mfOtLJ9CCD6sA=
golang.org/x/crypto v0.45.0 h1:jMBrvKuj23MTlT0bQEOBcAE0mjg8mK9RXFhRH6nyF3Q=
golang.org/x/crypto v0.45.0/go.mod h1:XTGrrkGJve7CYK7J8PEww4aY7gM3qMCElcJQ8n8JdX4=
