github.com/openwall/yescrypt-go v1.0.0 h1:jsGk48zkFvtUjGVOhYPGh+CS595JmTRcKnpggK2AON4=
github.com/openwall/yescrypt-go v1.0.0/go.mod h1:e6CWtFizUEOUttaOjeVMiv1lJaJie3mfOtLJ9CCD6sA=
github.com/tarantool/go-gostcrypto v0.1.0 h1:sGjZil1nfXzxvBU4TOIZErTXcvCuCLH/pZnwfXr9uaY=
github.com/tarantool/go-gostcrypto v0.1.0/go.mod h1:oieRliQHLNWjZ5qrpIamIFNHJ3j7dEvU4evBr6HeEFc=
golang.org/x/crypto v0.55.0 h1:+KWHjbgOaAQ66dh/YlkZKHlz9ZUlq61AFirAR9ntP8M=
golang.org/x/crypto v0.55.0/go.mod h1:uq0V9dE/fzQuJtbnL+2EhWOE63vo164FY8xqEnV9xis=
