github.com/openwall/yescrypt-go v1.0.0 h1:jsGk48zkFvtUjGVOhYPGh+CS595JmTRcKnpggK2AON4=
github.com/openwall/yescrypt-go v1.0.0/go.mod h1:e6CWtFizUEOUttaOjeVMiv1lJaJie3mfOtLJ9CCD6sA=
golang.org/x/crypto v0.52.0 h1:RMs7fP2rXdep0CftQlK8Uf+kibLm7qkCcradZWYz988=
golang.org/x/crypto v0.52.0/go.mod h1:1QgfPxDqh0T2M/elOJtp9RvuR95kVjir0e6/BvEmGbc=
